// !$*UTF8*$!
{
	archiveVersion = 1;
	classes = {
	};
	objectVersion = 56;
	objects = {

/* Begin PBXBuildFile section */
		AF795EBA2B07922A00E9DFE9 /* AppDelegate.swift in Sources */ = {isa = PBXBuildFile; fileRef = AF795EB92B07922A00E9DFE9 /* AppDelegate.swift */; };
		AF795EBE2B07922A00E9DFE9 /* ViewController.swift in Sources */ = {isa = PBXBuildFile; fileRef = AF795EBD2B07922A00E9DFE9 /* ViewController.swift */; };
		AF795EC32B07922D00E9DFE9 /* Assets.xcassets in Resources */ = {isa = PBXBuildFile; fileRef = AF795EC22B07922D00E9DFE9 /* Assets.xcassets */; };
		AF795ED12B07922D00E9DFE9 /* api21Tests.swift in Sources */ = {isa = PBXBuildFile; fileRef = AF795ED02B07922D00E9DFE9 /* api21Tests.swift */; };
		AF795EDB2B07922D00E9DFE9 /* api21UITests.swift in Sources */ = {isa = PBXBuildFile; fileRef = AF795EDA2B07922D00E9DFE9 /* api21UITests.swift */; };
		AF795EDD2B07922D00E9DFE9 /* api21UITestsLaunchTests.swift in Sources */ = {isa = PBXBuildFile; fileRef = AF795EDC2B07922D00E9DFE9 /* api21UITestsLaunchTests.swift */; };
/* End PBXBuildFile section */

/* Begin PBXContainerItemProxy section */
		AF795ECD2B07922D00E9DFE9 /* PBXContainerItemProxy */ = {
			isa = PBXContainerItemProxy;
			containerPortal = AF795EAE2B07922A00E9DFE9 /* Project object */;
			proxyType = 1;
			remoteGlobalIDString = AF795EB52B07922A00E9DFE9;
			remoteInfo = api21;
		};
		AF795ED72B07922D00E9DFE9 /* PBXContainerItemProxy */ = {
			isa = PBXContainerItemProxy;
			containerPortal = AF795EAE2B07922A00E9DFE9 /* Project object */;
			proxyType = 1;
			remoteGlobalIDString = AF795EB52B07922A00E9DFE9;
			remoteInfo = api21;
		};
/* End PBXContainerItemProxy section */

/* Begin PBXFileReference section */
		AF795EB62B07922A00E9DFE9 /* api21.app */ = {isa = PBXFileReference; explicitFileType = wrapper.application; includeInIndex = 0; path = api21.app; sourceTree = BUILT_PRODUCTS_DIR; };
		AF795EB92B07922A00E9DFE9 /* AppDelegate.swift */ = {isa = PBXFileReference; lastKnownFileType = sourcecode.swift; path = AppDelegate.swift; sourceTree = "<group>"; };
		AF795EBD2B07922A00E9DFE9 /* ViewController.swift */ = {isa = PBXFileReference; lastKnownFileType = sourcecode.swift; path = ViewController.swift; sourceTree = "<group>"; };
		AF795EC22B07922D00E9DFE9 /* Assets.xcassets */ = {isa = PBXFileReference; lastKnownFileType = folder.assetcatalog; path = Assets.xcassets; sourceTree = "<group>"; };
		AF795EC72B07922D00E9DFE9 /* Info.plist */ = {isa = PBXFileReference; lastKnownFileType = text.plist.xml; path = Info.plist; sourceTree = "<group>"; };
		AF795ECC2B07922D00E9DFE9 /* api21Tests.xctest */ = {isa = PBXFileReference; explicitFileType = wrapper.cfbundle; includeInIndex = 0; path = api21Tests.xctest; sourceTree = BUILT_PRODUCTS_DIR; };
		AF795ED02B07922D00E9DFE9 /* api21Tests.swift */ = {isa = PBXFileReference; lastKnownFileType = sourcecode.swift; path = api21Tests.swift; sourceTree = "<group>"; };
		AF795ED62B07922D00E9DFE9 /* api21UITests.xctest */ = {isa = PBXFileReference; explicitFileType = wrapper.cfbundle; includeInIndex = 0; path = api21UITests.xctest; sourceTree = BUILT_PRODUCTS_DIR; };
		AF795EDA2B07922D00E9DFE9 /* api21UITests.swift */ = {isa = PBXFileReference; lastKnownFileType = sourcecode.swift; path = api21UITests.swift; sourceTree = "<group>"; };
		AF795EDC2B07922D00E9DFE9 /* api21UITestsLaunchTests.swift */ = {isa = PBXFileReference; lastKnownFileType = sourcecode.swift; path = api21UITestsLaunchTests.swift; sourceTree = "<group>"; };
/* End PBXFileReference section */

/* Begin PBXFrameworksBuildPhase section */
		AF795EB32B07922A00E9DFE9 /* Frameworks */ = {
			isa = PBXFrameworksBuildPhase;
			buildActionMask = 2147483647;
			files = (
			);
			runOnlyForDeploymentPostprocessing = 0;
		};
		AF795EC92B07922D00E9DFE9 /* Frameworks */ = {
			isa = PBXFrameworksBuildPhase;
			buildActionMask = 2147483647;
			files = (
			);
			runOnlyForDeploymentPostprocessing = 0;
		};
		AF795ED32B07922D00E9DFE9 /* Frameworks */ = {
			isa = PBXFrameworksBuildPhase;
			buildActionMask = 2147483647;
			files = (
			);
			runOnlyForDeploymentPostprocessing = 0;
		};
/* End PBXFrameworksBuildPhase section */

/* Begin PBXGroup section */
		AF795EAD2B07922A00E9DFE9 = {
			isa = PBXGroup;
			children = (
				AF795EB82B07922A00E9DFE9 /* api21 */,
				AF795ECF2B07922D00E9DFE9 /* api21Tests */,
				AF795ED92B07922D00E9DFE9 /* api21UITests */,
				AF795EB72B07922A00E9DFE9 /* Products */,
			);
			sourceTree = "<group>";
		};
		AF795EB72B07922A00E9DFE9 /* Products */ = {
			isa = PBXGroup;
			children = (
				AF795EB62B07922A00E9DFE9 /* api21.app */,
				AF795ECC2B07922D00E9DFE9 /* api21Tests.xctest */,
				AF795ED62B07922D00E9DFE9 /* api21UITests.xctest */,
			);
			name = Products;
			sourceTree = "<group>";
		};
		AF795EB82B07922A00E9DFE9 /* api21 */ = {
			isa = PBXGroup;
			children = (
				AF795EB92B07922A00E9DFE9 /* AppDelegate.swift */,
				AF795EBD2B07922A00E9DFE9 /* ViewController.swift */,
				AF795EC22B07922D00E9DFE9 /* Assets.xcassets */,
				AF795EC72B07922D00E9DFE9 /* Info.plist */,
			);
			path = api21;
			sourceTree = "<group>";
		};
		AF795ECF2B07922D00E9DFE9 /* api21Tests */ = {
			isa = PBXGroup;
			children = (
				AF795ED02B07922D00E9DFE9 /* api21Tests.swift */,
			);
			path = api21Tests;
			sourceTree = "<group>";
		};
		AF795ED92B07922D00E9DFE9 /* api21UITests */ = {
			isa = PBXGroup;
			children = (
				AF795EDA2B07922D00E9DFE9 /* api21UITests.swift */,
				AF795EDC2B07922D00E9DFE9 /* api21UITestsLaunchTests.swift */,
			);
			path = api21UITests;
			sourceTree = "<group>";
		};
/* End PBXGroup section */

/* Begin PBXNativeTarget section */
		AF795EB52B07922A00E9DFE9 /* api21 */ = {
			isa = PBXNativeTarget;
			buildConfigurationList = AF795EE02B07922D00E9DFE9 /* Build configuration list for PBXNativeTarget "api21" */;
			buildPhases = (
				AF795EB22B07922A00E9DFE9 /* Sources */,
				AF795EB32B07922A00E9DFE9 /* Frameworks */,
				AF795EB42B07922A00E9DFE9 /* Resources */,
			);
			buildRules = (
			);
			dependencies = (
			);
			name = api21;
			productName = api21;
			productReference = AF795EB62B07922A00E9DFE9 /* api21.app */;
			productType = "com.apple.product-type.application";
		};
		AF795ECB2B07922D00E9DFE9 /* api21Tests */ = {
			isa = PBXNativeTarget;
			buildConfigurationList = AF795EE32B07922D00E9DFE9 /* Build configuration list for PBXNativeTarget "api21Tests" */;
			buildPhases = (
				AF795EC82B07922D00E9DFE9 /* Sources */,
				AF795EC92B07922D00E9DFE9 /* Frameworks */,
				AF795ECA2B07922D00E9DFE9 /* Resources */,
			);
			buildRules = (
			);
			dependencies = (
				AF795ECE2B07922D00E9DFE9 /* PBXTargetDependency */,
			);
			name = api21Tests;
			productName = api21Tests;
			productReference = AF795ECC2B07922D00E9DFE9 /* api21Tests.xctest */;
			productType = "com.apple.product-type.bundle.unit-test";
		};
		AF795ED52B07922D00E9DFE9 /* api21UITests */ = {
			isa = PBXNativeTarget;
			buildConfigurationList = AF795EE62B07922D00E9DFE9 /* Build configuration list for PBXNativeTarget "api21UITests" */;
			buildPhases = (
				AF795ED22B07922D00E9DFE9 /* Sources */,
				AF795ED32B07922D00E9DFE9 /* Frameworks */,
				AF795ED42B07922D00E9DFE9 /* Resources */,
			);
			buildRules = (
			);
			dependencies = (
				AF795ED82B07922D00E9DFE9 /* PBXTargetDependency */,
			);
			name = api21UITests;
			productName = api21UITests;
			productReference = AF795ED62B07922D00E9DFE9 /* api21UITests.xctest */;
			productType = "com.apple.product-type.bundle.ui-testing";
		};
/* End PBXNativeTarget section */

/* Begin PBXProject section */
		AF795EAE2B07922A00E9DFE9 /* Project object */ = {
			isa = PBXProject;
			attributes = {
				BuildIndependentTargetsInParallel = 1;
				LastSwiftUpdateCheck = 1430;
				LastUpgradeCheck = 1430;
				TargetAttributes = {
					AF795EB52B07922A00E9DFE9 = {
						CreatedOnToolsVersion = 14.3.1;
					};
					AF795ECB2B07922D00E9DFE9 = {
						CreatedOnToolsVersion = 14.3.1;
						TestTargetID = AF795EB52B07922A00E9DFE9;
					};
					AF795ED52B07922D00E9DFE9 = {
						CreatedOnToolsVersion = 14.3.1;
						TestTargetID = AF795EB52B07922A00E9DFE9;
					};
				};
			};
			buildConfigurationList = AF795EB12B07922A00E9DFE9 /* Build configuration list for PBXProject "api21" */;
			compatibilityVersion = "Xcode 14.0";
			developmentRegion = en;
			hasScannedForEncodings = 0;
			knownRegions = (
				en,
				Base,
			);
			mainGroup = AF795EAD2B07922A00E9DFE9;
			productRefGroup = AF795EB72B07922A00E9DFE9 /* Products */;
			projectDirPath = "";
			projectRoot = "";
			targets = (
				AF795EB52B07922A00E9DFE9 /* api21 */,
				AF795ECB2B07922D00E9DFE9 /* api21Tests */,
				AF795ED52B07922D00E9DFE9 /* api21UITests */,
			);
		};
/* End PBXProject section */

/* Begin PBXResourcesBuildPhase section */
		AF795EB42B07922A00E9DFE9 /* Resources */ = {
			isa = PBXResourcesBuildPhase;
			buildActionMask = 2147483647;
			files = (
				AF795EC32B07922D00E9DFE9 /* Assets.xcassets in Resources */,
			);
			runOnlyForDeploymentPostprocessing = 0;
		};
		AF795ECA2B07922D00E9DFE9 /* Resources */ = {
			isa = PBXResourcesBuildPhase;
			buildActionMask = 2147483647;
			files = (
			);
			runOnlyForDeploymentPostprocessing = 0;
		};
		AF795ED42B07922D00E9DFE9 /* Resources */ = {
			isa = PBXResourcesBuildPhase;
			buildActionMask = 2147483647;
			files = (
			);
			runOnlyForDeploymentPostprocessing = 0;
		};
/* End PBXResourcesBuildPhase section */

/* Begin PBXSourcesBuildPhase section */
		AF795EB22B07922A00E9DFE9 /* Sources */ = {
			isa = PBXSourcesBuildPhase;
			buildActionMask = 2147483647;
			files = (
				AF795EBE2B07922A00E9DFE9 /* ViewController.swift in Sources */,
				AF795EBA2B07922A00E9DFE9 /* AppDelegate.swift in Sources */,
			);
			runOnlyForDeploymentPostprocessing = 0;
		};
		AF795EC82B07922D00E9DFE9 /* Sources */ = {
			isa = PBXSourcesBuildPhase;
			buildActionMask = 2147483647;
			files = (
				AF795ED12B07922D00E9DFE9 /* api21Tests.swift in Sources */,
			);
			runOnlyForDeploymentPostprocessing = 0;
		};
		AF795ED22B07922D00E9DFE9 /* Sources */ = {
			isa = PBXSourcesBuildPhase;
			buildActionMask = 2147483647;
			files = (
				AF795EDD2B07922D00E9DFE9 /* api21UITestsLaunchTests.swift in Sources */,
				AF795EDB2B07922D00E9DFE9 /* api21UITests.swift in Sources */,
			);
			runOnlyForDeploymentPostprocessing = 0;
		};
/* End PBXSourcesBuildPhase section */

/* Begin PBXTargetDependency section */
		AF795ECE2B07922D00E9DFE9 /* PBXTargetDependency */ = {
			isa = PBXTargetDependency;
			target = AF795EB52B07922A00E9DFE9 /* api21 */;
			targetProxy = AF795ECD2B07922D00E9DFE9 /* PBXContainerItemProxy */;
		};
		AF795ED82B07922D00E9DFE9 /* PBXTargetDependency */ = {
			isa = PBXTargetDependency;
			target = AF795EB52B07922A00E9DFE9 /* api21 */;
			targetProxy = AF795ED72B07922D00E9DFE9 /* PBXContainerItemProxy */;
		};
/* End PBXTargetDependency section */

/* Begin XCBuildConfiguration section */
		AF795EDE2B07922D00E9DFE9 /* Debug */ = {
			isa = XCBuildConfiguration;
			buildSettings = {
				ALWAYS_SEARCH_USER_PATHS = NO;
				CLANG_ANALYZER_NONNULL = YES;
				CLANG_ANALYZER_NUMBER_OBJECT_CONVERSION = YES_AGGRESSIVE;
				CLANG_CXX_LANGUAGE_STANDARD = "gnu++20";
				CLANG_ENABLE_MODULES = YES;
				CLANG_ENABLE_OBJC_ARC = YES;
				CLANG_ENABLE_OBJC_WEAK = YES;
				CLANG_WARN_BLOCK_CAPTURE_AUTORELEASING = YES;
				CLANG_WARN_BOOL_CONVERSION = YES;
				CLANG_WARN_COMMA = YES;
				CLANG_WARN_CONSTANT_CONVERSION = YES;
				CLANG_WARN_DEPRECATED_OBJC_IMPLEMENTATIONS = YES;
				CLANG_WARN_DIRECT_OBJC_ISA_USAGE = YES_ERROR;
				CLANG_WARN_DOCUMENTATION_COMMENTS = YES;
				CLANG_WARN_EMPTY_BODY = YES;
				CLANG_WARN_ENUM_CONVERSION = YES;
				CLANG_WARN_INFINITE_RECURSION = YES;
				CLANG_WARN_INT_CONVERSION = YES;
				CLANG_WARN_NON_LITERAL_NULL_CONVERSION = YES;
				CLANG_WARN_OBJC_IMPLICIT_RETAIN_SELF = YES;
				CLANG_WARN_OBJC_LITERAL_CONVERSION = YES;
				CLANG_WARN_OBJC_ROOT_CLASS = YES_ERROR;
				CLANG_WARN_QUOTED_INCLUDE_IN_FRAMEWORK_HEADER = YES;
				CLANG_WARN_RANGE_LOOP_ANALYSIS = YES;
				CLANG_WARN_STRICT_PROTOTYPES = YES;
				CLANG_WARN_SUSPICIOUS_MOVE = YES;
				CLANG_WARN_UNGUARDED_AVAILABILITY = YES_AGGRESSIVE;
				CLANG_WARN_UNREACHABLE_CODE = YES;
				CLANG_WARN__DUPLICATE_METHOD_MATCH = YES;
				COPY_PHASE_STRIP = NO;
				DEBUG_INFORMATION_FORMAT = dwarf;
				ENABLE_STRICT_OBJC_MSGSEND = YES;
				ENABLE_TESTABILITY = YES;
				GCC_C_LANGUAGE_STANDARD = gnu11;
				GCC_DYNAMIC_NO_PIC = NO;
				GCC_NO_COMMON_BLOCKS = YES;
				GCC_OPTIMIZATION_LEVEL = 0;
				GCC_PREPROCESSOR_DEFINITIONS = (
					"DEBUG=1",
					"$(inherited)",
				);
				GCC_WARN_64_TO_32_BIT_CONVERSION = YES;
				GCC_WARN_ABOUT_RETURN_TYPE = YES_ERROR;
				GCC_WARN_UNDECLARED_SELECTOR = YES;
				GCC_WARN_UNINITIALIZED_AUTOS = YES_AGGRESSIVE;
				GCC_WARN_UNUSED_FUNCTION = YES;
				GCC_WARN_UNUSED_VARIABLE = YES;
				IPHONEOS_DEPLOYMENT_TARGET = 16.4;
				MTL_ENABLE_DEBUG_INFO = INCLUDE_SOURCE;
				MTL_FAST_MATH = YES;
				ONLY_ACTIVE_ARCH = YES;
				SDKROOT = iphoneos;
				SWIFT_ACTIVE_COMPILATION_CONDITIONS = DEBUG;
				SWIFT_OPTIMIZATION_LEVEL = "-Onone";
			};
			name = Debug;
		};
		AF795EDF2B07922D00E9DFE9 /* Release */ = {
			isa = XCBuildConfiguration;
			buildSettings = {
				ALWAYS_SEARCH_USER_PATHS = NO;
				CLANG_ANALYZER_NONNULL = YES;
				CLANG_ANALYZER_NUMBER_OBJECT_CONVERSION = YES_AGGRESSIVE;
				CLANG_CXX_LANGUAGE_STANDARD = "gnu++20";
				CLANG_ENABLE_MODULES = YES;
				CLANG_ENABLE_OBJC_ARC = YES;
				CLANG_ENABLE_OBJC_WEAK = YES;
				CLANG_WARN_BLOCK_CAPTURE_AUTORELEASING = YES;
				CLANG_WARN_BOOL_CONVERSION = YES;
				CLANG_WARN_COMMA = YES;
				CLANG_WARN_CONSTANT_CONVERSION = YES;
				CLANG_WARN_DEPRECATED_OBJC_IMPLEMENTATIONS = YES;
				CLANG_WARN_DIRECT_OBJC_ISA_USAGE = YES_ERROR;
				CLANG_WARN_DOCUMENTATION_COMMENTS = YES;
				CLANG_WARN_EMPTY_BODY = YES;
				CLANG_WARN_ENUM_CONVERSION = YES;
				CLANG_WARN_INFINITE_RECURSION = YES;
				CLANG_WARN_INT_CONVERSION = YES;
				CLANG_WARN_NON_LITERAL_NULL_CONVERSION = YES;
				CLANG_WARN_OBJC_IMPLICIT_RETAIN_SELF = YES;
				CLANG_WARN_OBJC_LITERAL_CONVERSION = YES;
				CLANG_WARN_OBJC_ROOT_CLASS = YES_ERROR;
				CLANG_WARN_QUOTED_INCLUDE_IN_FRAMEWORK_HEADER = YES;
				CLANG_WARN_RANGE_LOOP_ANALYSIS = YES;
				CLANG_WARN_STRICT_PROTOTYPES = YES;
				CLANG_WARN_SUSPICIOUS_MOVE = YES;
				CLANG_WARN_UNGUARDED_AVAILABILITY = YES_AGGRESSIVE;
				CLANG_WARN_UNREACHABLE_CODE = YES;
				CLANG_WARN__DUPLICATE_METHOD_MATCH = YES;
				COPY_PHASE_STRIP = NO;
				DEBUG_INFORMATION_FORMAT = "dwarf-with-dsym";
				ENABLE_NS_ASSERTIONS = NO;
				ENABLE_STRICT_OBJC_MSGSEND = YES;
				GCC_C_LANGUAGE_STANDARD = gnu11;
				GCC_NO_COMMON_BLOCKS = YES;
				GCC_WARN_64_TO_32_BIT_CONVERSION = YES;
				GCC_WARN_ABOUT_RETURN_TYPE = YES_ERROR;
				GCC_WARN_UNDECLARED_SELECTOR = YES;
				GCC_WARN_UNINITIALIZED_AUTOS = YES_AGGRESSIVE;
				GCC_WARN_UNUSED_FUNCTION = YES;
				GCC_WARN_UNUSED_VARIABLE = YES;
				IPHONEOS_DEPLOYMENT_TARGET = 16.4;
				MTL_ENABLE_DEBUG_INFO = NO;
				MTL_FAST_MATH = YES;
				SDKROOT = iphoneos;
				SWIFT_COMPILATION_MODE = wholemodule;
				SWIFT_OPTIMIZATION_LEVEL = "-O";
				VALIDATE_PRODUCT = YES;
			};
			name = Release;
		};
		AF795EE12B07922D00E9DFE9 /* Debug */ = {
			isa = XCBuildConfiguration;
			buildSettings = {
				ASSETCATALOG_COMPILER_APPICON_NAME = AppIcon;
				ASSETCATALOG_COMPILER_GLOBAL_ACCENT_COLOR_NAME = AccentColor;
				CODE_SIGN_STYLE = Automatic;
				CURRENT_PROJECT_VERSION = 1;
				DEVELOPMENT_TEAM = TDZ234PK24;
				GENERATE_INFOPLIST_FILE = YES;
				INFOPLIST_FILE = api21/Info.plist;
				INFOPLIST_KEY_UIApplicationSupportsIndirectInputEvents = YES;
				INFOPLIST_KEY_UILaunchStoryboardName = LaunchScreen;
				INFOPLIST_KEY_UIMainStoryboardFile = Main;
				INFOPLIST_KEY_UISupportedInterfaceOrientations_iPad = "UIInterfaceOrientationPortrait UIInterfaceOrientationPortraitUpsideDown UIInterfaceOrientationLandscapeLeft UIInterfaceOrientationLandscapeRight";
				INFOPLIST_KEY_UISupportedInterfaceOrientations_iPhone = "UIInterfaceOrientationPortrait UIInterfaceOrientationLandscapeLeft UIInterfaceOrientationLandscapeRight";
				IPHONEOS_DEPLOYMENT_TARGET = 12.1;
				LD_RUNPATH_SEARCH_PATHS = (
					"$(inherited)",
					"@executable_path/Frameworks",
				);
				MARKETING_VERSION = 1.0;
				PRODUCT_BUNDLE_IDENTIFIER = com.venus.api21;
				PRODUCT_NAME = "$(TARGET_NAME)";
				SWIFT_EMIT_LOC_STRINGS = YES;
				SWIFT_VERSION = 5.0;
				TARGETED_DEVICE_FAMILY = "1,2";
			};
			name = Debug;
		};
		AF795EE22B07922D00E9DFE9 /* Release */ = {
			isa = XCBuildConfiguration;
			buildSettings = {
				ASSETCATALOG_COMPILER_APPICON_NAME = AppIcon;
				ASSETCATALOG_COMPILER_GLOBAL_ACCENT_COLOR_NAME = AccentColor;
				CODE_SIGN_STYLE = Automatic;
				CURRENT_PROJECT_VERSION = 1;
				DEVELOPMENT_TEAM = TDZ234PK24;
				GENERATE_INFOPLIST_FILE = YES;
				INFOPLIST_FILE = api21/Info.plist;
				INFOPLIST_KEY_UIApplicationSupportsIndirectInputEvents = YES;
				INFOPLIST_KEY_UILaunchStoryboardName = LaunchScreen;
				INFOPLIST_KEY_UIMainStoryboardFile = Main;
				INFOPLIST_KEY_UISupportedInterfaceOrientations_iPad = "UIInterfaceOrientationPortrait UIInterfaceOrientationPortraitUpsideDown UIInterfaceOrientationLandscapeLeft UIInterfaceOrientationLandscapeRight";
				INFOPLIST_KEY_UISupportedInterfaceOrientations_iPhone = "UIInterfaceOrientationPortrait UIInterfaceOrientationLandscapeLeft UIInterfaceOrientationLandscapeRight";
				IPHONEOS_DEPLOYMENT_TARGET = 12.1;
				LD_RUNPATH_SEARCH_PATHS = (
					"$(inherited)",
					"@executable_path/Frameworks",
				);
				MARKETING_VERSION = 1.0;
				PRODUCT_BUNDLE_IDENTIFIER = com.venus.api21;
				PRODUCT_NAME = "$(TARGET_NAME)";
				SWIFT_EMIT_LOC_STRINGS = YES;
				SWIFT_VERSION = 5.0;
				TARGETED_DEVICE_FAMILY = "1,2";
			};
			name = Release;
		};
		AF795EE42B07922D00E9DFE9 /* Debug */ = {
			isa = XCBuildConfiguration;
			buildSettings = {
				ALWAYS_EMBED_SWIFT_STANDARD_LIBRARIES = YES;
				BUNDLE_LOADER = "$(TEST_HOST)";
				CODE_SIGN_STYLE = Automatic;
				CURRENT_PROJECT_VERSION = 1;
				DEVELOPMENT_TEAM = TDZ234PK24;
				GENERATE_INFOPLIST_FILE = YES;
				IPHONEOS_DEPLOYMENT_TARGET = 16.4;
				MARKETING_VERSION = 1.0;
				PRODUCT_BUNDLE_IDENTIFIER = com.venus.api21Tests;
				PRODUCT_NAME = "$(TARGET_NAME)";
				SWIFT_EMIT_LOC_STRINGS = NO;
				SWIFT_VERSION = 5.0;
				TARGETED_DEVICE_FAMILY = "1,2";
				TEST_HOST = "$(BUILT_PRODUCTS_DIR)/api21.app/$(BUNDLE_EXECUTABLE_FOLDER_PATH)/api21";
			};
			name = Debug;
		};
		AF795EE52B07922D00E9DFE9 /* Release */ = {
			isa = XCBuildConfiguration;
			buildSettings = {
				ALWAYS_EMBED_SWIFT_STANDARD_LIBRARIES = YES;
				BUNDLE_LOADER = "$(TEST_HOST)";
				CODE_SIGN_STYLE = Automatic;
				CURRENT_PROJECT_VERSION = 1;
				DEVELOPMENT_TEAM = TDZ234PK24;
				GENERATE_INFOPLIST_FILE = YES;
				IPHONEOS_DEPLOYMENT_TARGET = 16.4;
				MARKETING_VERSION = 1.0;
				PRODUCT_BUNDLE_IDENTIFIER = com.venus.api21Tests;
				PRODUCT_NAME = "$(TARGET_NAME)";
				SWIFT_EMIT_LOC_STRINGS = NO;
				SWIFT_VERSION = 5.0;
				TARGETED_DEVICE_FAMILY = "1,2";
				TEST_HOST = "$(BUILT_PRODUCTS_DIR)/api21.app/$(BUNDLE_EXECUTABLE_FOLDER_PATH)/api21";
			};
			name = Release;
		};
		AF795EE72B07922D00E9DFE9 /* Debug */ = {
			isa = XCBuildConfiguration;
			buildSettings = {
				ALWAYS_EMBED_SWIFT_STANDARD_LIBRARIES = YES;
				CODE_SIGN_STYLE = Automatic;
				CURRENT_PROJECT_VERSION = 1;
				DEVELOPMENT_TEAM = TDZ234PK24;
				GENERATE_INFOPLIST_FILE = YES;
				MARKETING_VERSION = 1.0;
				PRODUCT_BUNDLE_IDENTIFIER = com.venus.api21UITests;
				PRODUCT_NAME = "$(TARGET_NAME)";
				SWIFT_EMIT_LOC_STRINGS = NO;
				SWIFT_VERSION = 5.0;
				TARGETED_DEVICE_FAMILY = "1,2";
				TEST_TARGET_NAME = api21;
			};
			name = Debug;
		};
		AF795EE82B07922D00E9DFE9 /* Release */ = {
			isa = XCBuildConfiguration;
			buildSettings = {
				ALWAYS_EMBED_SWIFT_STANDARD_LIBRARIES = YES;
				CODE_SIGN_STYLE = Automatic;
				CURRENT_PROJECT_VERSION = 1;
				DEVELOPMENT_TEAM = TDZ234PK24;
				GENERATE_INFOPLIST_FILE = YES;
				MARKETING_VERSION = 1.0;
				PRODUCT_BUNDLE_IDENTIFIER = com.venus.api21UITests;
				PRODUCT_NAME = "$(TARGET_NAME)";
				SWIFT_EMIT_LOC_STRINGS = NO;
				SWIFT_VERSION = 5.0;
				TARGETED_DEVICE_FAMILY = "1,2";
				TEST_TARGET_NAME = api21;
			};
			name = Release;
		};
/* End XCBuildConfiguration section */

/* Begin XCConfigurationList section */
		AF795EB12B07922A00E9DFE9 /* Build configuration list for PBXProject "api21" */ = {
			isa = XCConfigurationList;
			buildConfigurations = (
				AF795EDE2B07922D00E9DFE9 /* Debug */,
				AF795EDF2B07922D00E9DFE9 /* Release */,
			);
			defaultConfigurationIsVisible = 0;
			defaultConfigurationName = Release;
		};
		AF795EE02B07922D00E9DFE9 /* Build configuration list for PBXNativeTarget "api21" */ = {
			isa = XCConfigurationList;
			buildConfigurations = (
				AF795EE12B07922D00E9DFE9 /* Debug */,
				AF795EE22B07922D00E9DFE9 /* Release */,
			);
			defaultConfigurationIsVisible = 0;
			defaultConfigurationName = Release;
		};
		AF795EE32B07922D00E9DFE9 /* Build configuration list for PBXNativeTarget "api21Tests" */ = {
			isa = XCConfigurationList;
			buildConfigurations = (
				AF795EE42B07922D00E9DFE9 /* Debug */,
				AF795EE52B07922D00E9DFE9 /* Release */,
			);
			defaultConfigurationIsVisible = 0;
			defaultConfigurationName = Release;
		};
		AF795EE62B07922D00E9DFE9 /* Build configuration list for PBXNativeTarget "api21UITests" */ = {
			isa = XCConfigurationList;
			buildConfigurations = (
				AF795EE72B07922D00E9DFE9 /* Debug */,
				AF795EE82B07922D00E9DFE9 /* Release */,
			);
			defaultConfigurationIsVisible = 0;
			defaultConfigurationName = Release;
		};
/* End XCConfigurationList section */
	};
	rootObject = AF795EAE2B07922A00E9DFE9 /* Project object */;
}
