// !$*UTF8*$!
{
	archiveVersion = 1;
	classes = {
	};
	objectVersion = 56;
	objects = {

/* Begin PBXBuildFile section */
		513695C02678F7D5583E1DEE /* Pods_vinteum_vinteumUITests.framework in Frameworks */ = {isa = PBXBuildFile; fileRef = 88535A8CACA2695C90675F7E /* Pods_vinteum_vinteumUITests.framework */; };
		92029AE0B5C9191C52CBF450 /* Pods_vinteumTests.framework in Frameworks */ = {isa = PBXBuildFile; fileRef = B6ABDF94F569F456AB739B3D /* Pods_vinteumTests.framework */; };
		AF00821B2B0CEEFD00AEB39A /* AppDelegate.swift in Sources */ = {isa = PBXBuildFile; fileRef = AF00821A2B0CEEFD00AEB39A /* AppDelegate.swift */; };
		AF00821F2B0CEEFD00AEB39A /* ViewController.swift in Sources */ = {isa = PBXBuildFile; fileRef = AF00821E2B0CEEFD00AEB39A /* ViewController.swift */; };
		AF0082242B0CEEFE00AEB39A /* Assets.xcassets in Resources */ = {isa = PBXBuildFile; fileRef = AF0082232B0CEEFE00AEB39A /* Assets.xcassets */; };
		AF0082272B0CEEFE00AEB39A /* LaunchScreen.storyboard in Resources */ = {isa = PBXBuildFile; fileRef = AF0082252B0CEEFE00AEB39A /* LaunchScreen.storyboard */; };
		AF0082322B0CEEFF00AEB39A /* vinteumTests.swift in Sources */ = {isa = PBXBuildFile; fileRef = AF0082312B0CEEFF00AEB39A /* vinteumTests.swift */; };
		AF00823C2B0CEEFF00AEB39A /* vinteumUITests.swift in Sources */ = {isa = PBXBuildFile; fileRef = AF00823B2B0CEEFF00AEB39A /* vinteumUITests.swift */; };
		AF00823E2B0CEEFF00AEB39A /* vinteumUITestsLaunchTests.swift in Sources */ = {isa = PBXBuildFile; fileRef = AF00823D2B0CEEFF00AEB39A /* vinteumUITestsLaunchTests.swift */; };
		CF2A69F9B8ACB391F6E3870B /* Pods_vinteum.framework in Frameworks */ = {isa = PBXBuildFile; fileRef = 313390ECED664899A5C31774 /* Pods_vinteum.framework */; };
/* End PBXBuildFile section */

/* Begin PBXContainerItemProxy section */
		AF00822E2B0CEEFF00AEB39A /* PBXContainerItemProxy */ = {
			isa = PBXContainerItemProxy;
			containerPortal = AF00820F2B0CEEFD00AEB39A /* Project object */;
			proxyType = 1;
			remoteGlobalIDString = AF0082162B0CEEFD00AEB39A;
			remoteInfo = vinteum;
		};
		AF0082382B0CEEFF00AEB39A /* PBXContainerItemProxy */ = {
			isa = PBXContainerItemProxy;
			containerPortal = AF00820F2B0CEEFD00AEB39A /* Project object */;
			proxyType = 1;
			remoteGlobalIDString = AF0082162B0CEEFD00AEB39A;
			remoteInfo = vinteum;
		};
/* End PBXContainerItemProxy section */

/* Begin PBXFileReference section */
		313390ECED664899A5C31774 /* Pods_vinteum.framework */ = {isa = PBXFileReference; explicitFileType = wrapper.framework; includeInIndex = 0; path = Pods_vinteum.framework; sourceTree = BUILT_PRODUCTS_DIR; };
		456FCC265E08309DDA1F8DD1 /* Pods-vinteum-vinteumUITests.debug.xcconfig */ = {isa = PBXFileReference; includeInIndex = 1; lastKnownFileType = text.xcconfig; name = "Pods-vinteum-vinteumUITests.debug.xcconfig"; path = "Target Support Files/Pods-vinteum-vinteumUITests/Pods-vinteum-vinteumUITests.debug.xcconfig"; sourceTree = "<group>"; };
		47275C9949AB45D4BB16CA27 /* Pods-vinteum.release.xcconfig */ = {isa = PBXFileReference; includeInIndex = 1; lastKnownFileType = text.xcconfig; name = "Pods-vinteum.release.xcconfig"; path = "Target Support Files/Pods-vinteum/Pods-vinteum.release.xcconfig"; sourceTree = "<group>"; };
		5CEC4A82FB02990B73128823 /* Pods-vinteum-vinteumUITests.release.xcconfig */ = {isa = PBXFileReference; includeInIndex = 1; lastKnownFileType = text.xcconfig; name = "Pods-vinteum-vinteumUITests.release.xcconfig"; path = "Target Support Files/Pods-vinteum-vinteumUITests/Pods-vinteum-vinteumUITests.release.xcconfig"; sourceTree = "<group>"; };
		6738E3AB94C8085719DAC44D /* Pods-vinteumTests.debug.xcconfig */ = {isa = PBXFileReference; includeInIndex = 1; lastKnownFileType = text.xcconfig; name = "Pods-vinteumTests.debug.xcconfig"; path = "Target Support Files/Pods-vinteumTests/Pods-vinteumTests.debug.xcconfig"; sourceTree = "<group>"; };
		88535A8CACA2695C90675F7E /* Pods_vinteum_vinteumUITests.framework */ = {isa = PBXFileReference; explicitFileType = wrapper.framework; includeInIndex = 0; path = Pods_vinteum_vinteumUITests.framework; sourceTree = BUILT_PRODUCTS_DIR; };
		AAA8A7CAC1A8C381E35A1DDF /* Pods-vinteumTests.release.xcconfig */ = {isa = PBXFileReference; includeInIndex = 1; lastKnownFileType = text.xcconfig; name = "Pods-vinteumTests.release.xcconfig"; path = "Target Support Files/Pods-vinteumTests/Pods-vinteumTests.release.xcconfig"; sourceTree = "<group>"; };
		AF0082172B0CEEFD00AEB39A /* vinteum.app */ = {isa = PBXFileReference; explicitFileType = wrapper.application; includeInIndex = 0; path = vinteum.app; sourceTree = BUILT_PRODUCTS_DIR; };
		AF00821A2B0CEEFD00AEB39A /* AppDelegate.swift */ = {isa = PBXFileReference; lastKnownFileType = sourcecode.swift; path = AppDelegate.swift; sourceTree = "<group>"; };
		AF00821E2B0CEEFD00AEB39A /* ViewController.swift */ = {isa = PBXFileReference; lastKnownFileType = sourcecode.swift; path = ViewController.swift; sourceTree = "<group>"; };
		AF0082232B0CEEFE00AEB39A /* Assets.xcassets */ = {isa = PBXFileReference; lastKnownFileType = folder.assetcatalog; path = Assets.xcassets; sourceTree = "<group>"; };
		AF0082262B0CEEFE00AEB39A /* Base */ = {isa = PBXFileReference; lastKnownFileType = file.storyboard; name = Base; path = Base.lproj/LaunchScreen.storyboard; sourceTree = "<group>"; };
		AF0082282B0CEEFE00AEB39A /* Info.plist */ = {isa = PBXFileReference; lastKnownFileType = text.plist.xml; path = Info.plist; sourceTree = "<group>"; };
		AF00822D2B0CEEFF00AEB39A /* vinteumTests.xctest */ = {isa = PBXFileReference; explicitFileType = wrapper.cfbundle; includeInIndex = 0; path = vinteumTests.xctest; sourceTree = BUILT_PRODUCTS_DIR; };
		AF0082312B0CEEFF00AEB39A /* vinteumTests.swift */ = {isa = PBXFileReference; lastKnownFileType = sourcecode.swift; path = vinteumTests.swift; sourceTree = "<group>"; };
		AF0082372B0CEEFF00AEB39A /* vinteumUITests.xctest */ = {isa = PBXFileReference; explicitFileType = wrapper.cfbundle; includeInIndex = 0; path = vinteumUITests.xctest; sourceTree = BUILT_PRODUCTS_DIR; };
		AF00823B2B0CEEFF00AEB39A /* vinteumUITests.swift */ = {isa = PBXFileReference; lastKnownFileType = sourcecode.swift; path = vinteumUITests.swift; sourceTree = "<group>"; };
		AF00823D2B0CEEFF00AEB39A /* vinteumUITestsLaunchTests.swift */ = {isa = PBXFileReference; lastKnownFileType = sourcecode.swift; path = vinteumUITestsLaunchTests.swift; sourceTree = "<group>"; };
		B6ABDF94F569F456AB739B3D /* Pods_vinteumTests.framework */ = {isa = PBXFileReference; explicitFileType = wrapper.framework; includeInIndex = 0; path = Pods_vinteumTests.framework; sourceTree = BUILT_PRODUCTS_DIR; };
		FD92E0C4671594FD9ABDA315 /* Pods-vinteum.debug.xcconfig */ = {isa = PBXFileReference; includeInIndex = 1; lastKnownFileType = text.xcconfig; name = "Pods-vinteum.debug.xcconfig"; path = "Target Support Files/Pods-vinteum/Pods-vinteum.debug.xcconfig"; sourceTree = "<group>"; };
/* End PBXFileReference section */

/* Begin PBXFrameworksBuildPhase section */
		AF0082142B0CEEFD00AEB39A /* Frameworks */ = {
			isa = PBXFrameworksBuildPhase;
			buildActionMask = 2147483647;
			files = (
				CF2A69F9B8ACB391F6E3870B /* Pods_vinteum.framework in Frameworks */,
			);
			runOnlyForDeploymentPostprocessing = 0;
		};
		AF00822A2B0CEEFF00AEB39A /* Frameworks */ = {
			isa = PBXFrameworksBuildPhase;
			buildActionMask = 2147483647;
			files = (
				92029AE0B5C9191C52CBF450 /* Pods_vinteumTests.framework in Frameworks */,
			);
			runOnlyForDeploymentPostprocessing = 0;
		};
		AF0082342B0CEEFF00AEB39A /* Frameworks */ = {
			isa = PBXFrameworksBuildPhase;
			buildActionMask = 2147483647;
			files = (
				513695C02678F7D5583E1DEE /* Pods_vinteum_vinteumUITests.framework in Frameworks */,
			);
			runOnlyForDeploymentPostprocessing = 0;
		};
/* End PBXFrameworksBuildPhase section */

/* Begin PBXGroup section */
		AF00820E2B0CEEFD00AEB39A = {
			isa = PBXGroup;
			children = (
				AF0082192B0CEEFD00AEB39A /* vinteum */,
				AF0082302B0CEEFF00AEB39A /* vinteumTests */,
				AF00823A2B0CEEFF00AEB39A /* vinteumUITests */,
				AF0082182B0CEEFD00AEB39A /* Products */,
				AF824D232B0CF59900BA881E /* Frameworks */,
				D8BCA2066AE24A99EDF097CC /* Pods */,
			);
			sourceTree = "<group>";
		};
		AF0082182B0CEEFD00AEB39A /* Products */ = {
			isa = PBXGroup;
			children = (
				AF0082172B0CEEFD00AEB39A /* vinteum.app */,
				AF00822D2B0CEEFF00AEB39A /* vinteumTests.xctest */,
				AF0082372B0CEEFF00AEB39A /* vinteumUITests.xctest */,
			);
			name = Products;
			sourceTree = "<group>";
		};
		AF0082192B0CEEFD00AEB39A /* vinteum */ = {
			isa = PBXGroup;
			children = (
				AF00821A2B0CEEFD00AEB39A /* AppDelegate.swift */,
				AF00821E2B0CEEFD00AEB39A /* ViewController.swift */,
				AF0082232B0CEEFE00AEB39A /* Assets.xcassets */,
				AF0082252B0CEEFE00AEB39A /* LaunchScreen.storyboard */,
				AF0082282B0CEEFE00AEB39A /* Info.plist */,
			);
			path = vinteum;
			sourceTree = "<group>";
		};
		AF0082302B0CEEFF00AEB39A /* vinteumTests */ = {
			isa = PBXGroup;
			children = (
				AF0082312B0CEEFF00AEB39A /* vinteumTests.swift */,
			);
			path = vinteumTests;
			sourceTree = "<group>";
		};
		AF00823A2B0CEEFF00AEB39A /* vinteumUITests */ = {
			isa = PBXGroup;
			children = (
				AF00823B2B0CEEFF00AEB39A /* vinteumUITests.swift */,
				AF00823D2B0CEEFF00AEB39A /* vinteumUITestsLaunchTests.swift */,
			);
			path = vinteumUITests;
			sourceTree = "<group>";
		};
		AF824D232B0CF59900BA881E /* Frameworks */ = {
			isa = PBXGroup;
			children = (
				313390ECED664899A5C31774 /* Pods_vinteum.framework */,
				88535A8CACA2695C90675F7E /* Pods_vinteum_vinteumUITests.framework */,
				B6ABDF94F569F456AB739B3D /* Pods_vinteumTests.framework */,
			);
			name = Frameworks;
			sourceTree = "<group>";
		};
		D8BCA2066AE24A99EDF097CC /* Pods */ = {
			isa = PBXGroup;
			children = (
				FD92E0C4671594FD9ABDA315 /* Pods-vinteum.debug.xcconfig */,
				47275C9949AB45D4BB16CA27 /* Pods-vinteum.release.xcconfig */,
				456FCC265E08309DDA1F8DD1 /* Pods-vinteum-vinteumUITests.debug.xcconfig */,
				5CEC4A82FB02990B73128823 /* Pods-vinteum-vinteumUITests.release.xcconfig */,
				6738E3AB94C8085719DAC44D /* Pods-vinteumTests.debug.xcconfig */,
				AAA8A7CAC1A8C381E35A1DDF /* Pods-vinteumTests.release.xcconfig */,
			);
			name = Pods;
			path = Pods;
			sourceTree = "<group>";
		};
/* End PBXGroup section */

/* Begin PBXNativeTarget section */
		AF0082162B0CEEFD00AEB39A /* vinteum */ = {
			isa = PBXNativeTarget;
			buildConfigurationList = AF0082412B0CEEFF00AEB39A /* Build configuration list for PBXNativeTarget "vinteum" */;
			buildPhases = (
				9FD395A88752384F98810FC4 /* [CP] Check Pods Manifest.lock */,
				AF0082132B0CEEFD00AEB39A /* Sources */,
				AF0082142B0CEEFD00AEB39A /* Frameworks */,
				AF0082152B0CEEFD00AEB39A /* Resources */,
				C54529548AF2B8BDEDB10B34 /* [CP] Embed Pods Frameworks */,
			);
			buildRules = (
			);
			dependencies = (
			);
			name = vinteum;
			productName = vinteum;
			productReference = AF0082172B0CEEFD00AEB39A /* vinteum.app */;
			productType = "com.apple.product-type.application";
		};
		AF00822C2B0CEEFF00AEB39A /* vinteumTests */ = {
			isa = PBXNativeTarget;
			buildConfigurationList = AF0082442B0CEEFF00AEB39A /* Build configuration list for PBXNativeTarget "vinteumTests" */;
			buildPhases = (
				1F004B33C9C31876C71A6FC5 /* [CP] Check Pods Manifest.lock */,
				AF0082292B0CEEFF00AEB39A /* Sources */,
				AF00822A2B0CEEFF00AEB39A /* Frameworks */,
				AF00822B2B0CEEFF00AEB39A /* Resources */,
			);
			buildRules = (
			);
			dependencies = (
				AF00822F2B0CEEFF00AEB39A /* PBXTargetDependency */,
			);
			name = vinteumTests;
			productName = vinteumTests;
			productReference = AF00822D2B0CEEFF00AEB39A /* vinteumTests.xctest */;
			productType = "com.apple.product-type.bundle.unit-test";
		};
		AF0082362B0CEEFF00AEB39A /* vinteumUITests */ = {
			isa = PBXNativeTarget;
			buildConfigurationList = AF0082472B0CEEFF00AEB39A /* Build configuration list for PBXNativeTarget "vinteumUITests" */;
			buildPhases = (
				7EEDBE341204A232A6FB58FB /* [CP] Check Pods Manifest.lock */,
				AF0082332B0CEEFF00AEB39A /* Sources */,
				AF0082342B0CEEFF00AEB39A /* Frameworks */,
				AF0082352B0CEEFF00AEB39A /* Resources */,
				8D6C9E178BB87F2C2CA890B0 /* [CP] Embed Pods Frameworks */,
			);
			buildRules = (
			);
			dependencies = (
				AF0082392B0CEEFF00AEB39A /* PBXTargetDependency */,
			);
			name = vinteumUITests;
			productName = vinteumUITests;
			productReference = AF0082372B0CEEFF00AEB39A /* vinteumUITests.xctest */;
			productType = "com.apple.product-type.bundle.ui-testing";
		};
/* End PBXNativeTarget section */

/* Begin PBXProject section */
		AF00820F2B0CEEFD00AEB39A /* Project object */ = {
			isa = PBXProject;
			attributes = {
				BuildIndependentTargetsInParallel = 1;
				LastSwiftUpdateCheck = 1430;
				LastUpgradeCheck = 1430;
				TargetAttributes = {
					AF0082162B0CEEFD00AEB39A = {
						CreatedOnToolsVersion = 14.3.1;
					};
					AF00822C2B0CEEFF00AEB39A = {
						CreatedOnToolsVersion = 14.3.1;
						TestTargetID = AF0082162B0CEEFD00AEB39A;
					};
					AF0082362B0CEEFF00AEB39A = {
						CreatedOnToolsVersion = 14.3.1;
						TestTargetID = AF0082162B0CEEFD00AEB39A;
					};
				};
			};
			buildConfigurationList = AF0082122B0CEEFD00AEB39A /* Build configuration list for PBXProject "vinteum" */;
			compatibilityVersion = "Xcode 14.0";
			developmentRegion = en;
			hasScannedForEncodings = 0;
			knownRegions = (
				en,
				Base,
			);
			mainGroup = AF00820E2B0CEEFD00AEB39A;
			productRefGroup = AF0082182B0CEEFD00AEB39A /* Products */;
			projectDirPath = "";
			projectRoot = "";
			targets = (
				AF0082162B0CEEFD00AEB39A /* vinteum */,
				AF00822C2B0CEEFF00AEB39A /* vinteumTests */,
				AF0082362B0CEEFF00AEB39A /* vinteumUITests */,
			);
		};
/* End PBXProject section */

/* Begin PBXResourcesBuildPhase section */
		AF0082152B0CEEFD00AEB39A /* Resources */ = {
			isa = PBXResourcesBuildPhase;
			buildActionMask = 2147483647;
			files = (
				AF0082272B0CEEFE00AEB39A /* LaunchScreen.storyboard in Resources */,
				AF0082242B0CEEFE00AEB39A /* Assets.xcassets in Resources */,
			);
			runOnlyForDeploymentPostprocessing = 0;
		};
		AF00822B2B0CEEFF00AEB39A /* Resources */ = {
			isa = PBXResourcesBuildPhase;
			buildActionMask = 2147483647;
			files = (
			);
			runOnlyForDeploymentPostprocessing = 0;
		};
		AF0082352B0CEEFF00AEB39A /* Resources */ = {
			isa = PBXResourcesBuildPhase;
			buildActionMask = 2147483647;
			files = (
			);
			runOnlyForDeploymentPostprocessing = 0;
		};
/* End PBXResourcesBuildPhase section */

/* Begin PBXShellScriptBuildPhase section */
		1F004B33C9C31876C71A6FC5 /* [CP] Check Pods Manifest.lock */ = {
			isa = PBXShellScriptBuildPhase;
			buildActionMask = 2147483647;
			files = (
			);
			inputFileListPaths = (
			);
			inputPaths = (
				"${PODS_PODFILE_DIR_PATH}/Podfile.lock",
				"${PODS_ROOT}/Manifest.lock",
			);
			name = "[CP] Check Pods Manifest.lock";
			outputFileListPaths = (
			);
			outputPaths = (
				"$(DERIVED_FILE_DIR)/Pods-vinteumTests-checkManifestLockResult.txt",
			);
			runOnlyForDeploymentPostprocessing = 0;
			shellPath = /bin/sh;
			shellScript = "diff \"${PODS_PODFILE_DIR_PATH}/Podfile.lock\" \"${PODS_ROOT}/Manifest.lock\" > /dev/null\nif [ $? != 0 ] ; then\n    # print error to STDERR\n    echo \"error: The sandbox is not in sync with the Podfile.lock. Run 'pod install' or update your CocoaPods installation.\" >&2\n    exit 1\nfi\n# This output is used by Xcode 'outputs' to avoid re-running this script phase.\necho \"SUCCESS\" > \"${SCRIPT_OUTPUT_FILE_0}\"\n";
			showEnvVarsInLog = 0;
		};
		7EEDBE341204A232A6FB58FB /* [CP] Check Pods Manifest.lock */ = {
			isa = PBXShellScriptBuildPhase;
			buildActionMask = 2147483647;
			files = (
			);
			inputFileListPaths = (
			);
			inputPaths = (
				"${PODS_PODFILE_DIR_PATH}/Podfile.lock",
				"${PODS_ROOT}/Manifest.lock",
			);
			name = "[CP] Check Pods Manifest.lock";
			outputFileListPaths = (
			);
			outputPaths = (
				"$(DERIVED_FILE_DIR)/Pods-vinteum-vinteumUITests-checkManifestLockResult.txt",
			);
			runOnlyForDeploymentPostprocessing = 0;
			shellPath = /bin/sh;
			shellScript = "diff \"${PODS_PODFILE_DIR_PATH}/Podfile.lock\" \"${PODS_ROOT}/Manifest.lock\" > /dev/null\nif [ $? != 0 ] ; then\n    # print error to STDERR\n    echo \"error: The sandbox is not in sync with the Podfile.lock. Run 'pod install' or update your CocoaPods installation.\" >&2\n    exit 1\nfi\n# This output is used by Xcode 'outputs' to avoid re-running this script phase.\necho \"SUCCESS\" > \"${SCRIPT_OUTPUT_FILE_0}\"\n";
			showEnvVarsInLog = 0;
		};
		8D6C9E178BB87F2C2CA890B0 /* [CP] Embed Pods Frameworks */ = {
			isa = PBXShellScriptBuildPhase;
			buildActionMask = 2147483647;
			files = (
			);
			inputFileListPaths = (
				"${PODS_ROOT}/Target Support Files/Pods-vinteum-vinteumUITests/Pods-vinteum-vinteumUITests-frameworks-${CONFIGURATION}-input-files.xcfilelist",
			);
			name = "[CP] Embed Pods Frameworks";
			outputFileListPaths = (
				"${PODS_ROOT}/Target Support Files/Pods-vinteum-vinteumUITests/Pods-vinteum-vinteumUITests-frameworks-${CONFIGURATION}-output-files.xcfilelist",
			);
			runOnlyForDeploymentPostprocessing = 0;
			shellPath = /bin/sh;
			shellScript = "\"${PODS_ROOT}/Target Support Files/Pods-vinteum-vinteumUITests/Pods-vinteum-vinteumUITests-frameworks.sh\"\n";
			showEnvVarsInLog = 0;
		};
		9FD395A88752384F98810FC4 /* [CP] Check Pods Manifest.lock */ = {
			isa = PBXShellScriptBuildPhase;
			buildActionMask = 2147483647;
			files = (
			);
			inputFileListPaths = (
			);
			inputPaths = (
				"${PODS_PODFILE_DIR_PATH}/Podfile.lock",
				"${PODS_ROOT}/Manifest.lock",
			);
			name = "[CP] Check Pods Manifest.lock";
			outputFileListPaths = (
			);
			outputPaths = (
				"$(DERIVED_FILE_DIR)/Pods-vinteum-checkManifestLockResult.txt",
			);
			runOnlyForDeploymentPostprocessing = 0;
			shellPath = /bin/sh;
			shellScript = "diff \"${PODS_PODFILE_DIR_PATH}/Podfile.lock\" \"${PODS_ROOT}/Manifest.lock\" > /dev/null\nif [ $? != 0 ] ; then\n    # print error to STDERR\n    echo \"error: The sandbox is not in sync with the Podfile.lock. Run 'pod install' or update your CocoaPods installation.\" >&2\n    exit 1\nfi\n# This output is used by Xcode 'outputs' to avoid re-running this script phase.\necho \"SUCCESS\" > \"${SCRIPT_OUTPUT_FILE_0}\"\n";
			showEnvVarsInLog = 0;
		};
		C54529548AF2B8BDEDB10B34 /* [CP] Embed Pods Frameworks */ = {
			isa = PBXShellScriptBuildPhase;
			buildActionMask = 2147483647;
			files = (
			);
			inputFileListPaths = (
				"${PODS_ROOT}/Target Support Files/Pods-vinteum/Pods-vinteum-frameworks-${CONFIGURATION}-input-files.xcfilelist",
			);
			name = "[CP] Embed Pods Frameworks";
			outputFileListPaths = (
				"${PODS_ROOT}/Target Support Files/Pods-vinteum/Pods-vinteum-frameworks-${CONFIGURATION}-output-files.xcfilelist",
			);
			runOnlyForDeploymentPostprocessing = 0;
			shellPath = /bin/sh;
			shellScript = "\"${PODS_ROOT}/Target Support Files/Pods-vinteum/Pods-vinteum-frameworks.sh\"\n";
			showEnvVarsInLog = 0;
		};
/* End PBXShellScriptBuildPhase section */

/* Begin PBXSourcesBuildPhase section */
		AF0082132B0CEEFD00AEB39A /* Sources */ = {
			isa = PBXSourcesBuildPhase;
			buildActionMask = 2147483647;
			files = (
				AF00821F2B0CEEFD00AEB39A /* ViewController.swift in Sources */,
				AF00821B2B0CEEFD00AEB39A /* AppDelegate.swift in Sources */,
			);
			runOnlyForDeploymentPostprocessing = 0;
		};
		AF0082292B0CEEFF00AEB39A /* Sources */ = {
			isa = PBXSourcesBuildPhase;
			buildActionMask = 2147483647;
			files = (
				AF0082322B0CEEFF00AEB39A /* vinteumTests.swift in Sources */,
			);
			runOnlyForDeploymentPostprocessing = 0;
		};
		AF0082332B0CEEFF00AEB39A /* Sources */ = {
			isa = PBXSourcesBuildPhase;
			buildActionMask = 2147483647;
			files = (
				AF00823C2B0CEEFF00AEB39A /* vinteumUITests.swift in Sources */,
				AF00823E2B0CEEFF00AEB39A /* vinteumUITestsLaunchTests.swift in Sources */,
			);
			runOnlyForDeploymentPostprocessing = 0;
		};
/* End PBXSourcesBuildPhase section */

/* Begin PBXTargetDependency section */
		AF00822F2B0CEEFF00AEB39A /* PBXTargetDependency */ = {
			isa = PBXTargetDependency;
			target = AF0082162B0CEEFD00AEB39A /* vinteum */;
			targetProxy = AF00822E2B0CEEFF00AEB39A /* PBXContainerItemProxy */;
		};
		AF0082392B0CEEFF00AEB39A /* PBXTargetDependency */ = {
			isa = PBXTargetDependency;
			target = AF0082162B0CEEFD00AEB39A /* vinteum */;
			targetProxy = AF0082382B0CEEFF00AEB39A /* PBXContainerItemProxy */;
		};
/* End PBXTargetDependency section */

/* Begin PBXVariantGroup section */
		AF0082252B0CEEFE00AEB39A /* LaunchScreen.storyboard */ = {
			isa = PBXVariantGroup;
			children = (
				AF0082262B0CEEFE00AEB39A /* Base */,
			);
			name = LaunchScreen.storyboard;
			sourceTree = "<group>";
		};
/* End PBXVariantGroup section */

/* Begin XCBuildConfiguration section */
		AF00823F2B0CEEFF00AEB39A /* Debug */ = {
			isa = XCBuildConfiguration;
			buildSettings = {
				ALWAYS_SEARCH_USER_PATHS = NO;
				CLANG_ANALYZER_NONNULL = YES;
				CLANG_ANALYZER_NUMBER_OBJECT_CONVERSION = YES_AGGRESSIVE;
				CLANG_CXX_LANGUAGE_STANDARD = "gnu++20";
				CLANG_ENABLE_MODULES = YES;
				CLANG_ENABLE_OBJC_ARC = YES;
				CLANG_ENABLE_OBJC_WEAK = YES;
				CLANG_WARN_BLOCK_CAPTURE_AUTORELEASING = YES;
				CLANG_WARN_BOOL_CONVERSION = YES;
				CLANG_WARN_COMMA = YES;
				CLANG_WARN_CONSTANT_CONVERSION = YES;
				CLANG_WARN_DEPRECATED_OBJC_IMPLEMENTATIONS = YES;
				CLANG_WARN_DIRECT_OBJC_ISA_USAGE = YES_ERROR;
				CLANG_WARN_DOCUMENTATION_COMMENTS = YES;
				CLANG_WARN_EMPTY_BODY = YES;
				CLANG_WARN_ENUM_CONVERSION = YES;
				CLANG_WARN_INFINITE_RECURSION = YES;
				CLANG_WARN_INT_CONVERSION = YES;
				CLANG_WARN_NON_LITERAL_NULL_CONVERSION = YES;
				CLANG_WARN_OBJC_IMPLICIT_RETAIN_SELF = YES;
				CLANG_WARN_OBJC_LITERAL_CONVERSION = YES;
				CLANG_WARN_OBJC_ROOT_CLASS = YES_ERROR;
				CLANG_WARN_QUOTED_INCLUDE_IN_FRAMEWORK_HEADER = YES;
				CLANG_WARN_RANGE_LOOP_ANALYSIS = YES;
				CLANG_WARN_STRICT_PROTOTYPES = YES;
				CLANG_WARN_SUSPICIOUS_MOVE = YES;
				CLANG_WARN_UNGUARDED_AVAILABILITY = YES_AGGRESSIVE;
				CLANG_WARN_UNREACHABLE_CODE = YES;
				CLANG_WARN__DUPLICATE_METHOD_MATCH = YES;
				COPY_PHASE_STRIP = NO;
				DEBUG_INFORMATION_FORMAT = dwarf;
				ENABLE_STRICT_OBJC_MSGSEND = YES;
				ENABLE_TESTABILITY = YES;
				GCC_C_LANGUAGE_STANDARD = gnu11;
				GCC_DYNAMIC_NO_PIC = NO;
				GCC_NO_COMMON_BLOCKS = YES;
				GCC_OPTIMIZATION_LEVEL = 0;
				GCC_PREPROCESSOR_DEFINITIONS = (
					"DEBUG=1",
					"$(inherited)",
				);
				GCC_WARN_64_TO_32_BIT_CONVERSION = YES;
				GCC_WARN_ABOUT_RETURN_TYPE = YES_ERROR;
				GCC_WARN_UNDECLARED_SELECTOR = YES;
				GCC_WARN_UNINITIALIZED_AUTOS = YES_AGGRESSIVE;
				GCC_WARN_UNUSED_FUNCTION = YES;
				GCC_WARN_UNUSED_VARIABLE = YES;
				IPHONEOS_DEPLOYMENT_TARGET = 16.4;
				MTL_ENABLE_DEBUG_INFO = INCLUDE_SOURCE;
				MTL_FAST_MATH = YES;
				ONLY_ACTIVE_ARCH = YES;
				SDKROOT = iphoneos;
				SWIFT_ACTIVE_COMPILATION_CONDITIONS = DEBUG;
				SWIFT_OPTIMIZATION_LEVEL = "-Onone";
			};
			name = Debug;
		};
		AF0082402B0CEEFF00AEB39A /* Release */ = {
			isa = XCBuildConfiguration;
			buildSettings = {
				ALWAYS_SEARCH_USER_PATHS = NO;
				CLANG_ANALYZER_NONNULL = YES;
				CLANG_ANALYZER_NUMBER_OBJECT_CONVERSION = YES_AGGRESSIVE;
				CLANG_CXX_LANGUAGE_STANDARD = "gnu++20";
				CLANG_ENABLE_MODULES = YES;
				CLANG_ENABLE_OBJC_ARC = YES;
				CLANG_ENABLE_OBJC_WEAK = YES;
				CLANG_WARN_BLOCK_CAPTURE_AUTORELEASING = YES;
				CLANG_WARN_BOOL_CONVERSION = YES;
				CLANG_WARN_COMMA = YES;
				CLANG_WARN_CONSTANT_CONVERSION = YES;
				CLANG_WARN_DEPRECATED_OBJC_IMPLEMENTATIONS = YES;
				CLANG_WARN_DIRECT_OBJC_ISA_USAGE = YES_ERROR;
				CLANG_WARN_DOCUMENTATION_COMMENTS = YES;
				CLANG_WARN_EMPTY_BODY = YES;
				CLANG_WARN_ENUM_CONVERSION = YES;
				CLANG_WARN_INFINITE_RECURSION = YES;
				CLANG_WARN_INT_CONVERSION = YES;
				CLANG_WARN_NON_LITERAL_NULL_CONVERSION = YES;
				CLANG_WARN_OBJC_IMPLICIT_RETAIN_SELF = YES;
				CLANG_WARN_OBJC_LITERAL_CONVERSION = YES;
				CLANG_WARN_OBJC_ROOT_CLASS = YES_ERROR;
				CLANG_WARN_QUOTED_INCLUDE_IN_FRAMEWORK_HEADER = YES;
				CLANG_WARN_RANGE_LOOP_ANALYSIS = YES;
				CLANG_WARN_STRICT_PROTOTYPES = YES;
				CLANG_WARN_SUSPICIOUS_MOVE = YES;
				CLANG_WARN_UNGUARDED_AVAILABILITY = YES_AGGRESSIVE;
				CLANG_WARN_UNREACHABLE_CODE = YES;
				CLANG_WARN__DUPLICATE_METHOD_MATCH = YES;
				COPY_PHASE_STRIP = NO;
				DEBUG_INFORMATION_FORMAT = "dwarf-with-dsym";
				ENABLE_NS_ASSERTIONS = NO;
				ENABLE_STRICT_OBJC_MSGSEND = YES;
				GCC_C_LANGUAGE_STANDARD = gnu11;
				GCC_NO_COMMON_BLOCKS = YES;
				GCC_WARN_64_TO_32_BIT_CONVERSION = YES;
				GCC_WARN_ABOUT_RETURN_TYPE = YES_ERROR;
				GCC_WARN_UNDECLARED_SELECTOR = YES;
				GCC_WARN_UNINITIALIZED_AUTOS = YES_AGGRESSIVE;
				GCC_WARN_UNUSED_FUNCTION = YES;
				GCC_WARN_UNUSED_VARIABLE = YES;
				IPHONEOS_DEPLOYMENT_TARGET = 16.4;
				MTL_ENABLE_DEBUG_INFO = NO;
				MTL_FAST_MATH = YES;
				SDKROOT = iphoneos;
				SWIFT_COMPILATION_MODE = wholemodule;
				SWIFT_OPTIMIZATION_LEVEL = "-O";
				VALIDATE_PRODUCT = YES;
			};
			name = Release;
		};
		AF0082422B0CEEFF00AEB39A /* Debug */ = {
			isa = XCBuildConfiguration;
			baseConfigurationReference = FD92E0C4671594FD9ABDA315 /* Pods-vinteum.debug.xcconfig */;
			buildSettings = {
				ASSETCATALOG_COMPILER_APPICON_NAME = AppIcon;
				ASSETCATALOG_COMPILER_GLOBAL_ACCENT_COLOR_NAME = AccentColor;
				CODE_SIGN_STYLE = Automatic;
				CURRENT_PROJECT_VERSION = 1;
				DEVELOPMENT_TEAM = TDZ234PK24;
				GENERATE_INFOPLIST_FILE = YES;
				INFOPLIST_FILE = vinteum/Info.plist;
				INFOPLIST_KEY_UIApplicationSupportsIndirectInputEvents = YES;
				INFOPLIST_KEY_UILaunchStoryboardName = LaunchScreen;
				INFOPLIST_KEY_UISupportedInterfaceOrientations_iPad = "UIInterfaceOrientationPortrait UIInterfaceOrientationPortraitUpsideDown UIInterfaceOrientationLandscapeLeft UIInterfaceOrientationLandscapeRight";
				INFOPLIST_KEY_UISupportedInterfaceOrientations_iPhone = "UIInterfaceOrientationPortrait UIInterfaceOrientationLandscapeLeft UIInterfaceOrientationLandscapeRight";
				IPHONEOS_DEPLOYMENT_TARGET = 12.1;
				LD_RUNPATH_SEARCH_PATHS = (
					"$(inherited)",
					"@executable_path/Frameworks",
				);
				MARKETING_VERSION = 1.0;
				PRODUCT_BUNDLE_IDENTIFIER = com.venus.vinteum;
				PRODUCT_NAME = "$(TARGET_NAME)";
				SWIFT_EMIT_LOC_STRINGS = YES;
				SWIFT_VERSION = 5.0;
				TARGETED_DEVICE_FAMILY = "1,2";
			};
			name = Debug;
		};
		AF0082432B0CEEFF00AEB39A /* Release */ = {
			isa = XCBuildConfiguration;
			baseConfigurationReference = 47275C9949AB45D4BB16CA27 /* Pods-vinteum.release.xcconfig */;
			buildSettings = {
				ASSETCATALOG_COMPILER_APPICON_NAME = AppIcon;
				ASSETCATALOG_COMPILER_GLOBAL_ACCENT_COLOR_NAME = AccentColor;
				CODE_SIGN_STYLE = Automatic;
				CURRENT_PROJECT_VERSION = 1;
				DEVELOPMENT_TEAM = TDZ234PK24;
				GENERATE_INFOPLIST_FILE = YES;
				INFOPLIST_FILE = vinteum/Info.plist;
				INFOPLIST_KEY_UIApplicationSupportsIndirectInputEvents = YES;
				INFOPLIST_KEY_UILaunchStoryboardName = LaunchScreen;
				INFOPLIST_KEY_UISupportedInterfaceOrientations_iPad = "UIInterfaceOrientationPortrait UIInterfaceOrientationPortraitUpsideDown UIInterfaceOrientationLandscapeLeft UIInterfaceOrientationLandscapeRight";
				INFOPLIST_KEY_UISupportedInterfaceOrientations_iPhone = "UIInterfaceOrientationPortrait UIInterfaceOrientationLandscapeLeft UIInterfaceOrientationLandscapeRight";
				IPHONEOS_DEPLOYMENT_TARGET = 12.1;
				LD_RUNPATH_SEARCH_PATHS = (
					"$(inherited)",
					"@executable_path/Frameworks",
				);
				MARKETING_VERSION = 1.0;
				PRODUCT_BUNDLE_IDENTIFIER = com.venus.vinteum;
				PRODUCT_NAME = "$(TARGET_NAME)";
				SWIFT_EMIT_LOC_STRINGS = YES;
				SWIFT_VERSION = 5.0;
				TARGETED_DEVICE_FAMILY = "1,2";
			};
			name = Release;
		};
		AF0082452B0CEEFF00AEB39A /* Debug */ = {
			isa = XCBuildConfiguration;
			baseConfigurationReference = 6738E3AB94C8085719DAC44D /* Pods-vinteumTests.debug.xcconfig */;
			buildSettings = {
				ALWAYS_EMBED_SWIFT_STANDARD_LIBRARIES = YES;
				BUNDLE_LOADER = "$(TEST_HOST)";
				CODE_SIGN_STYLE = Automatic;
				CURRENT_PROJECT_VERSION = 1;
				DEVELOPMENT_TEAM = TDZ234PK24;
				GENERATE_INFOPLIST_FILE = YES;
				IPHONEOS_DEPLOYMENT_TARGET = 16.4;
				MARKETING_VERSION = 1.0;
				PRODUCT_BUNDLE_IDENTIFIER = com.venus.vinteumTests;
				PRODUCT_NAME = "$(TARGET_NAME)";
				SWIFT_EMIT_LOC_STRINGS = NO;
				SWIFT_VERSION = 5.0;
				TARGETED_DEVICE_FAMILY = "1,2";
				TEST_HOST = "$(BUILT_PRODUCTS_DIR)/vinteum.app/$(BUNDLE_EXECUTABLE_FOLDER_PATH)/vinteum";
			};
			name = Debug;
		};
		AF0082462B0CEEFF00AEB39A /* Release */ = {
			isa = XCBuildConfiguration;
			baseConfigurationReference = AAA8A7CAC1A8C381E35A1DDF /* Pods-vinteumTests.release.xcconfig */;
			buildSettings = {
				ALWAYS_EMBED_SWIFT_STANDARD_LIBRARIES = YES;
				BUNDLE_LOADER = "$(TEST_HOST)";
				CODE_SIGN_STYLE = Automatic;
				CURRENT_PROJECT_VERSION = 1;
				DEVELOPMENT_TEAM = TDZ234PK24;
				GENERATE_INFOPLIST_FILE = YES;
				IPHONEOS_DEPLOYMENT_TARGET = 16.4;
				MARKETING_VERSION = 1.0;
				PRODUCT_BUNDLE_IDENTIFIER = com.venus.vinteumTests;
				PRODUCT_NAME = "$(TARGET_NAME)";
				SWIFT_EMIT_LOC_STRINGS = NO;
				SWIFT_VERSION = 5.0;
				TARGETED_DEVICE_FAMILY = "1,2";
				TEST_HOST = "$(BUILT_PRODUCTS_DIR)/vinteum.app/$(BUNDLE_EXECUTABLE_FOLDER_PATH)/vinteum";
			};
			name = Release;
		};
		AF0082482B0CEEFF00AEB39A /* Debug */ = {
			isa = XCBuildConfiguration;
			baseConfigurationReference = 456FCC265E08309DDA1F8DD1 /* Pods-vinteum-vinteumUITests.debug.xcconfig */;
			buildSettings = {
				ALWAYS_EMBED_SWIFT_STANDARD_LIBRARIES = YES;
				CODE_SIGN_STYLE = Automatic;
				CURRENT_PROJECT_VERSION = 1;
				DEVELOPMENT_TEAM = TDZ234PK24;
				GENERATE_INFOPLIST_FILE = YES;
				MARKETING_VERSION = 1.0;
				PRODUCT_BUNDLE_IDENTIFIER = com.venus.vinteumUITests;
				PRODUCT_NAME = "$(TARGET_NAME)";
				SWIFT_EMIT_LOC_STRINGS = NO;
				SWIFT_VERSION = 5.0;
				TARGETED_DEVICE_FAMILY = "1,2";
				TEST_TARGET_NAME = vinteum;
			};
			name = Debug;
		};
		AF0082492B0CEEFF00AEB39A /* Release */ = {
			isa = XCBuildConfiguration;
			baseConfigurationReference = 5CEC4A82FB02990B73128823 /* Pods-vinteum-vinteumUITests.release.xcconfig */;
			buildSettings = {
				ALWAYS_EMBED_SWIFT_STANDARD_LIBRARIES = YES;
				CODE_SIGN_STYLE = Automatic;
				CURRENT_PROJECT_VERSION = 1;
				DEVELOPMENT_TEAM = TDZ234PK24;
				GENERATE_INFOPLIST_FILE = YES;
				MARKETING_VERSION = 1.0;
				PRODUCT_BUNDLE_IDENTIFIER = com.venus.vinteumUITests;
				PRODUCT_NAME = "$(TARGET_NAME)";
				SWIFT_EMIT_LOC_STRINGS = NO;
				SWIFT_VERSION = 5.0;
				TARGETED_DEVICE_FAMILY = "1,2";
				TEST_TARGET_NAME = vinteum;
			};
			name = Release;
		};
/* End XCBuildConfiguration section */

/* Begin XCConfigurationList section */
		AF0082122B0CEEFD00AEB39A /* Build configuration list for PBXProject "vinteum" */ = {
			isa = XCConfigurationList;
			buildConfigurations = (
				AF00823F2B0CEEFF00AEB39A /* Debug */,
				AF0082402B0CEEFF00AEB39A /* Release */,
			);
			defaultConfigurationIsVisible = 0;
			defaultConfigurationName = Release;
		};
		AF0082412B0CEEFF00AEB39A /* Build configuration list for PBXNativeTarget "vinteum" */ = {
			isa = XCConfigurationList;
			buildConfigurations = (
				AF0082422B0CEEFF00AEB39A /* Debug */,
				AF0082432B0CEEFF00AEB39A /* Release */,
			);
			defaultConfigurationIsVisible = 0;
			defaultConfigurationName = Release;
		};
		AF0082442B0CEEFF00AEB39A /* Build configuration list for PBXNativeTarget "vinteumTests" */ = {
			isa = XCConfigurationList;
			buildConfigurations = (
				AF0082452B0CEEFF00AEB39A /* Debug */,
				AF0082462B0CEEFF00AEB39A /* Release */,
			);
			defaultConfigurationIsVisible = 0;
			defaultConfigurationName = Release;
		};
		AF0082472B0CEEFF00AEB39A /* Build configuration list for PBXNativeTarget "vinteumUITests" */ = {
			isa = XCConfigurationList;
			buildConfigurations = (
				AF0082482B0CEEFF00AEB39A /* Debug */,
				AF0082492B0CEEFF00AEB39A /* Release */,
			);
			defaultConfigurationIsVisible = 0;
			defaultConfigurationName = Release;
		};
/* End XCConfigurationList section */
	};
	rootObject = AF00820F2B0CEEFD00AEB39A /* Project object */;
}
